// !$*UTF8*$!
{
	archiveVersion = 1;
	classes = {
	};
	objectVersion = 48;
	objects = {

/* Begin PBXBuildFile section */
		3FD5195A2016DCA7005021E9 /* AppDelegate.swift in Sources */ = {isa = PBXBuildFile; fileRef = 3FD519592016DCA7005021E9 /* AppDelegate.swift */; };
		3FD5195C2016DCA7005021E9 /* ViewController.swift in Sources */ = {isa = PBXBuildFile; fileRef = 3FD5195B2016DCA7005021E9 /* ViewController.swift */; };
		3FD5195F2016DCA7005021E9 /* Main.storyboard in Resources */ = {isa = PBXBuildFile; fileRef = 3FD5195D2016DCA7005021E9 /* Main.storyboard */; };
		3FD519612016DCA7005021E9 /* Assets.xcassets in Resources */ = {isa = PBXBuildFile; fileRef = 3FD519602016DCA7005021E9 /* Assets.xcassets */; };
		3FD519642016DCA7005021E9 /* LaunchScreen.storyboard in Resources */ = {isa = PBXBuildFile; fileRef = 3FD519622016DCA7005021E9 /* LaunchScreen.storyboard */; };
		3FD5196C2016DCEB005021E9 /* AnimationView.swift in Sources */ = {isa = PBXBuildFile; fileRef = 3FD5196B2016DCEB005021E9 /* AnimationView.swift */; };
		3FD5196F2016DEAA005021E9 /* CircleLayer.swift in Sources */ = {isa = PBXBuildFile; fileRef = 3FD5196E2016DEAA005021E9 /* CircleLayer.swift */; };
		3FD519712016DF94005021E9 /* Color+Extension.swift in Sources */ = {isa = PBXBuildFile; fileRef = 3FD519702016DF94005021E9 /* Color+Extension.swift */; };
		3FD5197320170BB6005021E9 /* RectangleLayer.swift in Sources */ = {isa = PBXBuildFile; fileRef = 3FD5197220170BB6005021E9 /* RectangleLayer.swift */; };
		3FD5197520170F77005021E9 /* TriangleLayer.swift in Sources */ = {isa = PBXBuildFile; fileRef = 3FD5197420170F77005021E9 /* TriangleLayer.swift */; };
		3FD51977201717B5005021E9 /* WaveLayer.swift in Sources */ = {isa = PBXBuildFile; fileRef = 3FD51976201717B5005021E9 /* WaveLayer.swift */; };
/* End PBXBuildFile section */

/* Begin PBXFileReference section */
		3FD519562016DCA7005021E9 /* WelocomeAnimator.app */ = {isa = PBXFileReference; explicitFileType = wrapper.application; includeInIndex = 0; path = WelocomeAnimator.app; sourceTree = BUILT_PRODUCTS_DIR; };
		3FD519592016DCA7005021E9 /* AppDelegate.swift */ = {isa = PBXFileReference; lastKnownFileType = sourcecode.swift; path = AppDelegate.swift; sourceTree = "<group>"; };
		3FD5195B2016DCA7005021E9 /* ViewController.swift */ = {isa = PBXFileReference; lastKnownFileType = sourcecode.swift; path = ViewController.swift; sourceTree = "<group>"; };
		3FD5195E2016DCA7005021E9 /* Base */ = {isa = PBXFileReference; lastKnownFileType = file.storyboard; name = Base; path = Base.lproj/Main.storyboard; sourceTree = "<group>"; };
		3FD519602016DCA7005021E9 /* Assets.xcassets */ = {isa = PBXFileReference; lastKnownFileType = folder.assetcatalog; path = Assets.xcassets; sourceTree = "<group>"; };
		3FD519632016DCA7005021E9 /* Base */ = {isa = PBXFileReference; lastKnownFileType = file.storyboard; name = Base; path = Base.lproj/LaunchScreen.storyboard; sourceTree = "<group>"; };
		3FD519652016DCA7005021E9 /* Info.plist */ = {isa = PBXFileReference; lastKnownFileType = text.plist.xml; path = Info.plist; sourceTree = "<group>"; };
		3FD5196B2016DCEB005021E9 /* AnimationView.swift */ = {isa = PBXFileReference; lastKnownFileType = sourcecode.swift; path = AnimationView.swift; sourceTree = "<group>"; };
		3FD5196E2016DEAA005021E9 /* CircleLayer.swift */ = {isa = PBXFileReference; lastKnownFileType = sourcecode.swift; path = CircleLayer.swift; sourceTree = "<group>"; };
		3FD519702016DF94005021E9 /* Color+Extension.swift */ = {isa = PBXFileReference; lastKnownFileType = sourcecode.swift; path = "Color+Extension.swift"; sourceTree = "<group>"; };
		3FD5197220170BB6005021E9 /* RectangleLayer.swift */ = {isa = PBXFileReference; lastKnownFileType = sourcecode.swift; path = RectangleLayer.swift; sourceTree = "<group>"; };
		3FD5197420170F77005021E9 /* TriangleLayer.swift */ = {isa = PBXFileReference; lastKnownFileType = sourcecode.swift; path = TriangleLayer.swift; sourceTree = "<group>"; };
		3FD51976201717B5005021E9 /* WaveLayer.swift */ = {isa = PBXFileReference; lastKnownFileType = sourcecode.swift; path = WaveLayer.swift; sourceTree = "<group>"; };
/* End PBXFileReference section */

/* Begin PBXFrameworksBuildPhase section */
		3FD519532016DCA7005021E9 /* Frameworks */ = {
			isa = PBXFrameworksBuildPhase;
			buildActionMask = 2147483647;
			files = (
			);
			runOnlyForDeploymentPostprocessing = 0;
		};
/* End PBXFrameworksBuildPhase section */

/* Begin PBXGroup section */
		3FD5194D2016DCA7005021E9 = {
			isa = PBXGroup;
			children = (
				3FD519582016DCA7005021E9 /* WelocomeAnimator */,
				3FD519572016DCA7005021E9 /* Products */,
			);
			sourceTree = "<group>";
		};
		3FD519572016DCA7005021E9 /* Products */ = {
			isa = PBXGroup;
			children = (
				3FD519562016DCA7005021E9 /* WelocomeAnimator.app */,
			);
			name = Products;
			sourceTree = "<group>";
		};
		3FD519582016DCA7005021E9 /* WelocomeAnimator */ = {
			isa = PBXGroup;
			children = (
				3FD519592016DCA7005021E9 /* AppDelegate.swift */,
				3FD5195B2016DCA7005021E9 /* ViewController.swift */,
				3FD5196B2016DCEB005021E9 /* AnimationView.swift */,
				3FD519702016DF94005021E9 /* Color+Extension.swift */,
				3FD5196D2016DE34005021E9 /* Layer */,
				3FD5195D2016DCA7005021E9 /* Main.storyboard */,
				3FD519602016DCA7005021E9 /* Assets.xcassets */,
				3FD519622016DCA7005021E9 /* LaunchScreen.storyboard */,
				3FD519652016DCA7005021E9 /* Info.plist */,
			);
			path = WelocomeAnimator;
			sourceTree = "<group>";
		};
		3FD5196D2016DE34005021E9 /* Layer */ = {
			isa = PBXGroup;
			children = (
				3FD5196E2016DEAA005021E9 /* CircleLayer.swift */,
				3FD5197220170BB6005021E9 /* RectangleLayer.swift */,
				3FD5197420170F77005021E9 /* TriangleLayer.swift */,
				3FD51976201717B5005021E9 /* WaveLayer.swift */,
			);
			path = Layer;
			sourceTree = "<group>";
		};
/* End PBXGroup section */

/* Begin PBXNativeTarget section */
		3FD519552016DCA7005021E9 /* WelocomeAnimator */ = {
			isa = PBXNativeTarget;
			buildConfigurationList = 3FD519682016DCA7005021E9 /* Build configuration list for PBXNativeTarget "WelocomeAnimator" */;
			buildPhases = (
				3FD519522016DCA7005021E9 /* Sources */,
				3FD519532016DCA7005021E9 /* Frameworks */,
				3FD519542016DCA7005021E9 /* Resources */,
			);
			buildRules = (
			);
			dependencies = (
			);
			name = WelocomeAnimator;
			productName = WelocomeAnimator;
			productReference = 3FD519562016DCA7005021E9 /* WelocomeAnimator.app */;
			productType = "com.apple.product-type.application";
		};
/* End PBXNativeTarget section */

/* Begin PBXProject section */
		3FD5194E2016DCA7005021E9 /* Project object */ = {
			isa = PBXProject;
			attributes = {
				LastSwiftUpdateCheck = 0920;
				LastUpgradeCheck = 0920;
				ORGANIZATIONNAME = ljb48229;
				TargetAttributes = {
					3FD519552016DCA7005021E9 = {
						CreatedOnToolsVersion = 9.2;
						ProvisioningStyle = Automatic;
					};
				};
			};
			buildConfigurationList = 3FD519512016DCA7005021E9 /* Build configuration list for PBXProject "WelocomeAnimator" */;
			compatibilityVersion = "Xcode 8.0";
			developmentRegion = en;
			hasScannedForEncodings = 0;
			knownRegions = (
				en,
				Base,
			);
			mainGroup = 3FD5194D2016DCA7005021E9;
			productRefGroup = 3FD519572016DCA7005021E9 /* Products */;
			projectDirPath = "";
			projectRoot = "";
			targets = (
				3FD519552016DCA7005021E9 /* WelocomeAnimator */,
			);
		};
/* End PBXProject section */

/* Begin PBXResourcesBuildPhase section */
		3FD519542016DCA7005021E9 /* Resources */ = {
			isa = PBXResourcesBuildPhase;
			buildActionMask = 2147483647;
			files = (
				3FD519642016DCA7005021E9 /* LaunchScreen.storyboard in Resources */,
				3FD519612016DCA7005021E9 /* Assets.xcassets in Resources */,
				3FD5195F2016DCA7005021E9 /* Main.storyboard in Resources */,
			);
			runOnlyForDeploymentPostprocessing = 0;
		};
/* End PBXResourcesBuildPhase section */

/* Begin PBXSourcesBuildPhase section */
		3FD519522016DCA7005021E9 /* Sources */ = {
			isa = PBXSourcesBuildPhase;
			buildActionMask = 2147483647;
			files = (
				3FD5196C2016DCEB005021E9 /* AnimationView.swift in Sources */,
				3FD519712016DF94005021E9 /* Color+Extension.swift in Sources */,
				3FD51977201717B5005021E9 /* WaveLayer.swift in Sources */,
				3FD5195C2016DCA7005021E9 /* ViewController.swift in Sources */,
				3FD5195A2016DCA7005021E9 /* AppDelegate.swift in Sources */,
				3FD5196F2016DEAA005021E9 /* CircleLayer.swift in Sources */,
				3FD5197320170BB6005021E9 /* RectangleLayer.swift in Sources */,
				3FD5197520170F77005021E9 /* TriangleLayer.swift in Sources */,
			);
			runOnlyForDeploymentPostprocessing = 0;
		};
/* End PBXSourcesBuildPhase section */

/* Begin PBXVariantGroup section */
		3FD5195D2016DCA7005021E9 /* Main.storyboard */ = {
			isa = PBXVariantGroup;
			children = (
				3FD5195E2016DCA7005021E9 /* Base */,
			);
			name = Main.storyboard;
			sourceTree = "<group>";
		};
		3FD519622016DCA7005021E9 /* LaunchScreen.storyboard */ = {
			isa = PBXVariantGroup;
			children = (
				3FD519632016DCA7005021E9 /* Base */,
			);
			name = LaunchScreen.storyboard;
			sourceTree = "<group>";
		};
/* End PBXVariantGroup section */

/* Begin XCBuildConfiguration section */
		3FD519662016DCA7005021E9 /* Debug */ = {
			isa = XCBuildConfiguration;
			buildSettings = {
				ALWAYS_SEARCH_USER_PATHS = NO;
				CLANG_ANALYZER_NONNULL = YES;
				CLANG_ANALYZER_NUMBER_OBJECT_CONVERSION = YES_AGGRESSIVE;
				CLANG_CXX_LANGUAGE_STANDARD = "gnu++14";
				CLANG_CXX_LIBRARY = "libc++";
				CLANG_ENABLE_MODULES = YES;
				CLANG_ENABLE_OBJC_ARC = YES;
				CLANG_WARN_BLOCK_CAPTURE_AUTORELEASING = YES;
				CLANG_WARN_BOOL_CONVERSION = YES;
				CLANG_WARN_COMMA = YES;
				CLANG_WARN_CONSTANT_CONVERSION = YES;
				CLANG_WARN_DIRECT_OBJC_ISA_USAGE = YES_ERROR;
				CLANG_WARN_DOCUMENTATION_COMMENTS = YES;
				CLANG_WARN_EMPTY_BODY = YES;
				CLANG_WARN_ENUM_CONVERSION = YES;
				CLANG_WARN_INFINITE_RECURSION = YES;
				CLANG_WARN_INT_CONVERSION = YES;
				CLANG_WARN_NON_LITERAL_NULL_CONVERSION = YES;
				CLANG_WARN_OBJC_LITERAL_CONVERSION = YES;
				CLANG_WARN_OBJC_ROOT_CLASS = YES_ERROR;
				CLANG_WARN_RANGE_LOOP_ANALYSIS = YES;
				CLANG_WARN_STRICT_PROTOTYPES = YES;
				CLANG_WARN_SUSPICIOUS_MOVE = YES;
				CLANG_WARN_UNGUARDED_AVAILABILITY = YES_AGGRESSIVE;
				CLANG_WARN_UNREACHABLE_CODE = YES;
				CLANG_WARN__DUPLICATE_METHOD_MATCH = YES;
				CODE_SIGN_IDENTITY = "iPhone Developer";
				COPY_PHASE_STRIP = NO;
				DEBUG_INFORMATION_FORMAT = dwarf;
				ENABLE_STRICT_OBJC_MSGSEND = YES;
				ENABLE_TESTABILITY = YES;
				GCC_C_LANGUAGE_STANDARD = gnu11;
				GCC_DYNAMIC_NO_PIC = NO;
				GCC_NO_COMMON_BLOCKS = YES;
				GCC_OPTIMIZATION_LEVEL = 0;
				GCC_PREPROCESSOR_DEFINITIONS = (
					"DEBUG=1",
					"$(inherited)",
				);
				GCC_WARN_64_TO_32_BIT_CONVERSION = YES;
				GCC_WARN_ABOUT_RETURN_TYPE = YES_ERROR;
				GCC_WARN_UNDECLARED_SELECTOR = YES;
				GCC_WARN_UNINITIALIZED_AUTOS = YES_AGGRESSIVE;
				GCC_WARN_UNUSED_FUNCTION = YES;
				GCC_WARN_UNUSED_VARIABLE = YES;
				IPHONEOS_DEPLOYMENT_TARGET = 11.2;
				MTL_ENABLE_DEBUG_INFO = YES;
				ONLY_ACTIVE_ARCH = YES;
				SDKROOT = iphoneos;
				SWIFT_ACTIVE_COMPILATION_CONDITIONS = DEBUG;
				SWIFT_OPTIMIZATION_LEVEL = "-Onone";
			};
			name = Debug;
		};
		3FD519672016DCA7005021E9 /* Release */ = {
			isa = XCBuildConfiguration;
			buildSettings = {
				ALWAYS_SEARCH_USER_PATHS = NO;
				CLANG_ANALYZER_NONNULL = YES;
				CLANG_ANALYZER_NUMBER_OBJECT_CONVERSION = YES_AGGRESSIVE;
				CLANG_CXX_LANGUAGE_STANDARD = "gnu++14";
				CLANG_CXX_LIBRARY = "libc++";
				CLANG_ENABLE_MODULES = YES;
				CLANG_ENABLE_OBJC_ARC = YES;
				CLANG_WARN_BLOCK_CAPTURE_AUTORELEASING = YES;
				CLANG_WARN_BOOL_CONVERSION = YES;
				CLANG_WARN_COMMA = YES;
				CLANG_WARN_CONSTANT_CONVERSION = YES;
				CLANG_WARN_DIRECT_OBJC_ISA_USAGE = YES_ERROR;
				CLANG_WARN_DOCUMENTATION_COMMENTS = YES;
				CLANG_WARN_EMPTY_BODY = YES;
				CLANG_WARN_ENUM_CONVERSION = YES;
				CLANG_WARN_INFINITE_RECURSION = YES;
				CLANG_WARN_INT_CONVERSION = YES;
				CLANG_WARN_NON_LITERAL_NULL_CONVERSION = YES;
				CLANG_WARN_OBJC_LITERAL_CONVERSION = YES;
				CLANG_WARN_OBJC_ROOT_CLASS = YES_ERROR;
				CLANG_WARN_RANGE_LOOP_ANALYSIS = YES;
				CLANG_WARN_STRICT_PROTOTYPES = YES;
				CLANG_WARN_SUSPICIOUS_MOVE = YES;
				CLANG_WARN_UNGUARDED_AVAILABILITY = YES_AGGRESSIVE;
				CLANG_WARN_UNREACHABLE_CODE = YES;
				CLANG_WARN__DUPLICATE_METHOD_MATCH = YES;
				CODE_SIGN_IDENTITY = "iPhone Developer";
				COPY_PHASE_STRIP = NO;
				DEBUG_INFORMATION_FORMAT = "dwarf-with-dsym";
				ENABLE_NS_ASSERTIONS = NO;
				ENABLE_STRICT_OBJC_MSGSEND = YES;
				GCC_C_LANGUAGE_STANDARD = gnu11;
				GCC_NO_COMMON_BLOCKS = YES;
				GCC_WARN_64_TO_32_BIT_CONVERSION = YES;
				GCC_WARN_ABOUT_RETURN_TYPE = YES_ERROR;
				GCC_WARN_UNDECLARED_SELECTOR = YES;
				GCC_WARN_UNINITIALIZED_AUTOS = YES_AGGRESSIVE;
				GCC_WARN_UNUSED_FUNCTION = YES;
				GCC_WARN_UNUSED_VARIABLE = YES;
				IPHONEOS_DEPLOYMENT_TARGET = 11.2;
				MTL_ENABLE_DEBUG_INFO = NO;
				SDKROOT = iphoneos;
				SWIFT_OPTIMIZATION_LEVEL = "-Owholemodule";
				VALIDATE_PRODUCT = YES;
			};
			name = Release;
		};
		3FD519692016DCA7005021E9 /* Debug */ = {
			isa = XCBuildConfiguration;
			buildSettings = {
				ASSETCATALOG_COMPILER_APPICON_NAME = AppIcon;
				CODE_SIGN_STYLE = Automatic;
				DEVELOPMENT_TEAM = GGP5472W8N;
				INFOPLIST_FILE = WelocomeAnimator/Info.plist;
				LD_RUNPATH_SEARCH_PATHS = "$(inherited) @executable_path/Frameworks";
				PRODUCT_BUNDLE_IDENTIFIER = cn.lijiangbo.WelocomeAnimator;
				PRODUCT_NAME = "$(TARGET_NAME)";
				SWIFT_VERSION = 4.0;
				TARGETED_DEVICE_FAMILY = "1,2";
			};
			name = Debug;
		};
		3FD5196A2016DCA7005021E9 /* Release */ = {
			isa = XCBuildConfiguration;
			buildSettings = {
				ASSETCATALOG_COMPILER_APPICON_NAME = AppIcon;
				CODE_SIGN_STYLE = Automatic;
				DEVELOPMENT_TEAM = GGP5472W8N;
				INFOPLIST_FILE = WelocomeAnimator/Info.plist;
				LD_RUNPATH_SEARCH_PATHS = "$(inherited) @executable_path/Frameworks";
				PRODUCT_BUNDLE_IDENTIFIER = cn.lijiangbo.WelocomeAnimator;
				PRODUCT_NAME = "$(TARGET_NAME)";
				SWIFT_VERSION = 4.0;
				TARGETED_DEVICE_FAMILY = "1,2";
			};
			name = Release;
		};
/* End XCBuildConfiguration section */

/* Begin XCConfigurationList section */
		3FD519512016DCA7005021E9 /* Build configuration list for PBXProject "WelocomeAnimator" */ = {
			isa = XCConfigurationList;
			buildConfigurations = (
				3FD519662016DCA7005021E9 /* Debug */,
				3FD519672016DCA7005021E9 /* Release */,
			);
			defaultConfigurationIsVisible = 0;
			defaultConfigurationName = Release;
		};
		3FD519682016DCA7005021E9 /* Build configuration list for PBXNativeTarget "WelocomeAnimator" */ = {
			isa = XCConfigurationList;
			buildConfigurations = (
				3FD519692016DCA7005021E9 /* Debug */,
				3FD5196A2016DCA7005021E9 /* Release */,
			);
			defaultConfigurationIsVisible = 0;
			defaultConfigurationName = Release;
		};
/* End XCConfigurationList section */
	};
	rootObject = 3FD5194E2016DCA7005021E9 /* Project object */;
}
