// !$*UTF8*$!
{
	archiveVersion = 1;
	classes = {
	};
	objectVersion = 48;
	objects = {

/* Begin PBXBuildFile section */
		3FCD8016201ECD6900F57E99 /* AppDelegate.swift in Sources */ = {isa = PBXBuildFile; fileRef = 3FCD8015201ECD6900F57E99 /* AppDelegate.swift */; };
		3FCD801B201ECD6900F57E99 /* Main.storyboard in Resources */ = {isa = PBXBuildFile; fileRef = 3FCD8019201ECD6900F57E99 /* Main.storyboard */; };
		3FCD801D201ECD6900F57E99 /* Assets.xcassets in Resources */ = {isa = PBXBuildFile; fileRef = 3FCD801C201ECD6900F57E99 /* Assets.xcassets */; };
		3FCD8020201ECD6900F57E99 /* LaunchScreen.storyboard in Resources */ = {isa = PBXBuildFile; fileRef = 3FCD801E201ECD6900F57E99 /* LaunchScreen.storyboard */; };
		3FCD802F201EEF7300F57E99 /* PageViewController.swift in Sources */ = {isa = PBXBuildFile; fileRef = 3FCD802E201EEF7300F57E99 /* PageViewController.swift */; };
		3FCD8031201EEFDF00F57E99 /* CardViewController.swift in Sources */ = {isa = PBXBuildFile; fileRef = 3FCD8030201EEFDF00F57E99 /* CardViewController.swift */; };
		3FCD8034201EF31200F57E99 /* PetCardStore.swift in Sources */ = {isa = PBXBuildFile; fileRef = 3FCD8033201EF31200F57E99 /* PetCardStore.swift */; };
		3FCD8036201EF39000F57E99 /* PetCard.swift in Sources */ = {isa = PBXBuildFile; fileRef = 3FCD8035201EF39000F57E99 /* PetCard.swift */; };
		3FCD8038201EF89F00F57E99 /* StoryboardSupport.swift in Sources */ = {isa = PBXBuildFile; fileRef = 3FCD8037201EF89F00F57E99 /* StoryboardSupport.swift */; };
		3FCD8039201F010700F57E99 /* Pets.plist in Resources */ = {isa = PBXBuildFile; fileRef = 3FCD8032201EF2E300F57E99 /* Pets.plist */; };
		3FCD803B201F077B00F57E99 /* RevealViewController.swift in Sources */ = {isa = PBXBuildFile; fileRef = 3FCD803A201F077B00F57E99 /* RevealViewController.swift */; };
		3FCD803D201F132A00F57E99 /* FlipPresentAnimationController.swift in Sources */ = {isa = PBXBuildFile; fileRef = 3FCD803C201F132A00F57E99 /* FlipPresentAnimationController.swift */; };
		3FCD803F201F1A0A00F57E99 /* FlipDismissAnimationController.swift in Sources */ = {isa = PBXBuildFile; fileRef = 3FCD803E201F1A0A00F57E99 /* FlipDismissAnimationController.swift */; };
		3FCD8041201F1E9000F57E99 /* SwipeInteractionController.swift in Sources */ = {isa = PBXBuildFile; fileRef = 3FCD8040201F1E9000F57E99 /* SwipeInteractionController.swift */; };
/* End PBXBuildFile section */

/* Begin PBXFileReference section */
		3FCD8012201ECD6900F57E99 /* CardController(卡片转场动画).app */ = {isa = PBXFileReference; explicitFileType = wrapper.application; includeInIndex = 0; path = "CardController(卡片转场动画).app"; sourceTree = BUILT_PRODUCTS_DIR; };
		3FCD8015201ECD6900F57E99 /* AppDelegate.swift */ = {isa = PBXFileReference; lastKnownFileType = sourcecode.swift; path = AppDelegate.swift; sourceTree = "<group>"; };
		3FCD801A201ECD6900F57E99 /* Base */ = {isa = PBXFileReference; lastKnownFileType = file.storyboard; name = Base; path = Base.lproj/Main.storyboard; sourceTree = "<group>"; };
		3FCD801C201ECD6900F57E99 /* Assets.xcassets */ = {isa = PBXFileReference; lastKnownFileType = folder.assetcatalog; path = Assets.xcassets; sourceTree = "<group>"; };
		3FCD801F201ECD6900F57E99 /* Base */ = {isa = PBXFileReference; lastKnownFileType = file.storyboard; name = Base; path = Base.lproj/LaunchScreen.storyboard; sourceTree = "<group>"; };
		3FCD8021201ECD6900F57E99 /* Info.plist */ = {isa = PBXFileReference; lastKnownFileType = text.plist.xml; path = Info.plist; sourceTree = "<group>"; };
		3FCD802E201EEF7300F57E99 /* PageViewController.swift */ = {isa = PBXFileReference; lastKnownFileType = sourcecode.swift; path = PageViewController.swift; sourceTree = "<group>"; };
		3FCD8030201EEFDF00F57E99 /* CardViewController.swift */ = {isa = PBXFileReference; lastKnownFileType = sourcecode.swift; path = CardViewController.swift; sourceTree = "<group>"; };
		3FCD8032201EF2E300F57E99 /* Pets.plist */ = {isa = PBXFileReference; lastKnownFileType = text.plist.xml; path = Pets.plist; sourceTree = "<group>"; };
		3FCD8033201EF31200F57E99 /* PetCardStore.swift */ = {isa = PBXFileReference; lastKnownFileType = sourcecode.swift; path = PetCardStore.swift; sourceTree = "<group>"; };
		3FCD8035201EF39000F57E99 /* PetCard.swift */ = {isa = PBXFileReference; lastKnownFileType = sourcecode.swift; path = PetCard.swift; sourceTree = "<group>"; };
		3FCD8037201EF89F00F57E99 /* StoryboardSupport.swift */ = {isa = PBXFileReference; lastKnownFileType = sourcecode.swift; path = StoryboardSupport.swift; sourceTree = "<group>"; };
		3FCD803A201F077B00F57E99 /* RevealViewController.swift */ = {isa = PBXFileReference; lastKnownFileType = sourcecode.swift; path = RevealViewController.swift; sourceTree = "<group>"; };
		3FCD803C201F132A00F57E99 /* FlipPresentAnimationController.swift */ = {isa = PBXFileReference; lastKnownFileType = sourcecode.swift; path = FlipPresentAnimationController.swift; sourceTree = "<group>"; };
		3FCD803E201F1A0A00F57E99 /* FlipDismissAnimationController.swift */ = {isa = PBXFileReference; lastKnownFileType = sourcecode.swift; path = FlipDismissAnimationController.swift; sourceTree = "<group>"; };
		3FCD8040201F1E9000F57E99 /* SwipeInteractionController.swift */ = {isa = PBXFileReference; lastKnownFileType = sourcecode.swift; path = SwipeInteractionController.swift; sourceTree = "<group>"; };
/* End PBXFileReference section */

/* Begin PBXFrameworksBuildPhase section */
		3FCD800F201ECD6900F57E99 /* Frameworks */ = {
			isa = PBXFrameworksBuildPhase;
			buildActionMask = 2147483647;
			files = (
			);
			runOnlyForDeploymentPostprocessing = 0;
		};
/* End PBXFrameworksBuildPhase section */

/* Begin PBXGroup section */
		3FCD8009201ECD6900F57E99 = {
			isa = PBXGroup;
			children = (
				3FCD8014201ECD6900F57E99 /* CardController(卡片转场动画) */,
				3FCD8013201ECD6900F57E99 /* Products */,
			);
			sourceTree = "<group>";
		};
		3FCD8013201ECD6900F57E99 /* Products */ = {
			isa = PBXGroup;
			children = (
				3FCD8012201ECD6900F57E99 /* CardController(卡片转场动画).app */,
			);
			name = Products;
			sourceTree = "<group>";
		};
		3FCD8014201ECD6900F57E99 /* CardController(卡片转场动画) */ = {
			isa = PBXGroup;
			children = (
				3FCD8027201EEEB000F57E99 /* ViewControllers */,
				3FCD8029201EEED200F57E99 /* UI */,
				3FCD802A201EEEDD00F57E99 /* Data */,
				3FCD802B201EEEFC00F57E99 /* Model */,
				3FCD802C201EEF0700F57E99 /* Helpers */,
				3FCD802D201EEF1800F57E99 /* Bundle files */,
			);
			path = "CardController(卡片转场动画)";
			sourceTree = "<group>";
		};
		3FCD8027201EEEB000F57E99 /* ViewControllers */ = {
			isa = PBXGroup;
			children = (
				3FCD802E201EEF7300F57E99 /* PageViewController.swift */,
				3FCD8030201EEFDF00F57E99 /* CardViewController.swift */,
				3FCD803A201F077B00F57E99 /* RevealViewController.swift */,
			);
			path = ViewControllers;
			sourceTree = "<group>";
		};
		3FCD8029201EEED200F57E99 /* UI */ = {
			isa = PBXGroup;
			children = (
				3FCD8019201ECD6900F57E99 /* Main.storyboard */,
				3FCD801E201ECD6900F57E99 /* LaunchScreen.storyboard */,
			);
			path = UI;
			sourceTree = "<group>";
		};
		3FCD802A201EEEDD00F57E99 /* Data */ = {
			isa = PBXGroup;
			children = (
				3FCD8032201EF2E300F57E99 /* Pets.plist */,
				3FCD8033201EF31200F57E99 /* PetCardStore.swift */,
			);
			path = Data;
			sourceTree = "<group>";
		};
		3FCD802B201EEEFC00F57E99 /* Model */ = {
			isa = PBXGroup;
			children = (
				3FCD8035201EF39000F57E99 /* PetCard.swift */,
			);
			path = Model;
			sourceTree = "<group>";
		};
		3FCD802C201EEF0700F57E99 /* Helpers */ = {
			isa = PBXGroup;
			children = (
				3FCD8037201EF89F00F57E99 /* StoryboardSupport.swift */,
				3FCD803C201F132A00F57E99 /* FlipPresentAnimationController.swift */,
				3FCD803E201F1A0A00F57E99 /* FlipDismissAnimationController.swift */,
				3FCD8040201F1E9000F57E99 /* SwipeInteractionController.swift */,
			);
			path = Helpers;
			sourceTree = "<group>";
		};
		3FCD802D201EEF1800F57E99 /* Bundle files */ = {
			isa = PBXGroup;
			children = (
				3FCD801C201ECD6900F57E99 /* Assets.xcassets */,
				3FCD8021201ECD6900F57E99 /* Info.plist */,
				3FCD8015201ECD6900F57E99 /* AppDelegate.swift */,
			);
			path = "Bundle files";
			sourceTree = "<group>";
		};
/* End PBXGroup section */

/* Begin PBXNativeTarget section */
		3FCD8011201ECD6900F57E99 /* CardController(卡片转场动画) */ = {
			isa = PBXNativeTarget;
			buildConfigurationList = 3FCD8024201ECD6900F57E99 /* Build configuration list for PBXNativeTarget "CardController(卡片转场动画)" */;
			buildPhases = (
				3FCD800E201ECD6900F57E99 /* Sources */,
				3FCD800F201ECD6900F57E99 /* Frameworks */,
				3FCD8010201ECD6900F57E99 /* Resources */,
			);
			buildRules = (
			);
			dependencies = (
			);
			name = "CardController(卡片转场动画)";
			productName = "CardController(卡片转场动画)";
			productReference = 3FCD8012201ECD6900F57E99 /* CardController(卡片转场动画).app */;
			productType = "com.apple.product-type.application";
		};
/* End PBXNativeTarget section */

/* Begin PBXProject section */
		3FCD800A201ECD6900F57E99 /* Project object */ = {
			isa = PBXProject;
			attributes = {
				LastSwiftUpdateCheck = 0920;
				LastUpgradeCheck = 0920;
				ORGANIZATIONNAME = ljb48229;
				TargetAttributes = {
					3FCD8011201ECD6900F57E99 = {
						CreatedOnToolsVersion = 9.2;
						ProvisioningStyle = Automatic;
					};
				};
			};
			buildConfigurationList = 3FCD800D201ECD6900F57E99 /* Build configuration list for PBXProject "CardController(卡片转场动画)" */;
			compatibilityVersion = "Xcode 8.0";
			developmentRegion = en;
			hasScannedForEncodings = 0;
			knownRegions = (
				en,
				Base,
			);
			mainGroup = 3FCD8009201ECD6900F57E99;
			productRefGroup = 3FCD8013201ECD6900F57E99 /* Products */;
			projectDirPath = "";
			projectRoot = "";
			targets = (
				3FCD8011201ECD6900F57E99 /* CardController(卡片转场动画) */,
			);
		};
/* End PBXProject section */

/* Begin PBXResourcesBuildPhase section */
		3FCD8010201ECD6900F57E99 /* Resources */ = {
			isa = PBXResourcesBuildPhase;
			buildActionMask = 2147483647;
			files = (
				3FCD8039201F010700F57E99 /* Pets.plist in Resources */,
				3FCD8020201ECD6900F57E99 /* LaunchScreen.storyboard in Resources */,
				3FCD801D201ECD6900F57E99 /* Assets.xcassets in Resources */,
				3FCD801B201ECD6900F57E99 /* Main.storyboard in Resources */,
			);
			runOnlyForDeploymentPostprocessing = 0;
		};
/* End PBXResourcesBuildPhase section */

/* Begin PBXSourcesBuildPhase section */
		3FCD800E201ECD6900F57E99 /* Sources */ = {
			isa = PBXSourcesBuildPhase;
			buildActionMask = 2147483647;
			files = (
				3FCD803F201F1A0A00F57E99 /* FlipDismissAnimationController.swift in Sources */,
				3FCD8016201ECD6900F57E99 /* AppDelegate.swift in Sources */,
				3FCD8036201EF39000F57E99 /* PetCard.swift in Sources */,
				3FCD8034201EF31200F57E99 /* PetCardStore.swift in Sources */,
				3FCD802F201EEF7300F57E99 /* PageViewController.swift in Sources */,
				3FCD8038201EF89F00F57E99 /* StoryboardSupport.swift in Sources */,
				3FCD8041201F1E9000F57E99 /* SwipeInteractionController.swift in Sources */,
				3FCD8031201EEFDF00F57E99 /* CardViewController.swift in Sources */,
				3FCD803B201F077B00F57E99 /* RevealViewController.swift in Sources */,
				3FCD803D201F132A00F57E99 /* FlipPresentAnimationController.swift in Sources */,
			);
			runOnlyForDeploymentPostprocessing = 0;
		};
/* End PBXSourcesBuildPhase section */

/* Begin PBXVariantGroup section */
		3FCD8019201ECD6900F57E99 /* Main.storyboard */ = {
			isa = PBXVariantGroup;
			children = (
				3FCD801A201ECD6900F57E99 /* Base */,
			);
			name = Main.storyboard;
			sourceTree = "<group>";
		};
		3FCD801E201ECD6900F57E99 /* LaunchScreen.storyboard */ = {
			isa = PBXVariantGroup;
			children = (
				3FCD801F201ECD6900F57E99 /* Base */,
			);
			name = LaunchScreen.storyboard;
			sourceTree = "<group>";
		};
/* End PBXVariantGroup section */

/* Begin XCBuildConfiguration section */
		3FCD8022201ECD6900F57E99 /* Debug */ = {
			isa = XCBuildConfiguration;
			buildSettings = {
				ALWAYS_SEARCH_USER_PATHS = NO;
				CLANG_ANALYZER_NONNULL = YES;
				CLANG_ANALYZER_NUMBER_OBJECT_CONVERSION = YES_AGGRESSIVE;
				CLANG_CXX_LANGUAGE_STANDARD = "gnu++14";
				CLANG_CXX_LIBRARY = "libc++";
				CLANG_ENABLE_MODULES = YES;
				CLANG_ENABLE_OBJC_ARC = YES;
				CLANG_WARN_BLOCK_CAPTURE_AUTORELEASING = YES;
				CLANG_WARN_BOOL_CONVERSION = YES;
				CLANG_WARN_COMMA = YES;
				CLANG_WARN_CONSTANT_CONVERSION = YES;
				CLANG_WARN_DIRECT_OBJC_ISA_USAGE = YES_ERROR;
				CLANG_WARN_DOCUMENTATION_COMMENTS = YES;
				CLANG_WARN_EMPTY_BODY = YES;
				CLANG_WARN_ENUM_CONVERSION = YES;
				CLANG_WARN_INFINITE_RECURSION = YES;
				CLANG_WARN_INT_CONVERSION = YES;
				CLANG_WARN_NON_LITERAL_NULL_CONVERSION = YES;
				CLANG_WARN_OBJC_LITERAL_CONVERSION = YES;
				CLANG_WARN_OBJC_ROOT_CLASS = YES_ERROR;
				CLANG_WARN_RANGE_LOOP_ANALYSIS = YES;
				CLANG_WARN_STRICT_PROTOTYPES = YES;
				CLANG_WARN_SUSPICIOUS_MOVE = YES;
				CLANG_WARN_UNGUARDED_AVAILABILITY = YES_AGGRESSIVE;
				CLANG_WARN_UNREACHABLE_CODE = YES;
				CLANG_WARN__DUPLICATE_METHOD_MATCH = YES;
				CODE_SIGN_IDENTITY = "iPhone Developer";
				COPY_PHASE_STRIP = NO;
				DEBUG_INFORMATION_FORMAT = dwarf;
				ENABLE_STRICT_OBJC_MSGSEND = YES;
				ENABLE_TESTABILITY = YES;
				GCC_C_LANGUAGE_STANDARD = gnu11;
				GCC_DYNAMIC_NO_PIC = NO;
				GCC_NO_COMMON_BLOCKS = YES;
				GCC_OPTIMIZATION_LEVEL = 0;
				GCC_PREPROCESSOR_DEFINITIONS = (
					"DEBUG=1",
					"$(inherited)",
				);
				GCC_WARN_64_TO_32_BIT_CONVERSION = YES;
				GCC_WARN_ABOUT_RETURN_TYPE = YES_ERROR;
				GCC_WARN_UNDECLARED_SELECTOR = YES;
				GCC_WARN_UNINITIALIZED_AUTOS = YES_AGGRESSIVE;
				GCC_WARN_UNUSED_FUNCTION = YES;
				GCC_WARN_UNUSED_VARIABLE = YES;
				IPHONEOS_DEPLOYMENT_TARGET = 11.2;
				MTL_ENABLE_DEBUG_INFO = YES;
				ONLY_ACTIVE_ARCH = YES;
				SDKROOT = iphoneos;
				SWIFT_ACTIVE_COMPILATION_CONDITIONS = DEBUG;
				SWIFT_OPTIMIZATION_LEVEL = "-Onone";
			};
			name = Debug;
		};
		3FCD8023201ECD6900F57E99 /* Release */ = {
			isa = XCBuildConfiguration;
			buildSettings = {
				ALWAYS_SEARCH_USER_PATHS = NO;
				CLANG_ANALYZER_NONNULL = YES;
				CLANG_ANALYZER_NUMBER_OBJECT_CONVERSION = YES_AGGRESSIVE;
				CLANG_CXX_LANGUAGE_STANDARD = "gnu++14";
				CLANG_CXX_LIBRARY = "libc++";
				CLANG_ENABLE_MODULES = YES;
				CLANG_ENABLE_OBJC_ARC = YES;
				CLANG_WARN_BLOCK_CAPTURE_AUTORELEASING = YES;
				CLANG_WARN_BOOL_CONVERSION = YES;
				CLANG_WARN_COMMA = YES;
				CLANG_WARN_CONSTANT_CONVERSION = YES;
				CLANG_WARN_DIRECT_OBJC_ISA_USAGE = YES_ERROR;
				CLANG_WARN_DOCUMENTATION_COMMENTS = YES;
				CLANG_WARN_EMPTY_BODY = YES;
				CLANG_WARN_ENUM_CONVERSION = YES;
				CLANG_WARN_INFINITE_RECURSION = YES;
				CLANG_WARN_INT_CONVERSION = YES;
				CLANG_WARN_NON_LITERAL_NULL_CONVERSION = YES;
				CLANG_WARN_OBJC_LITERAL_CONVERSION = YES;
				CLANG_WARN_OBJC_ROOT_CLASS = YES_ERROR;
				CLANG_WARN_RANGE_LOOP_ANALYSIS = YES;
				CLANG_WARN_STRICT_PROTOTYPES = YES;
				CLANG_WARN_SUSPICIOUS_MOVE = YES;
				CLANG_WARN_UNGUARDED_AVAILABILITY = YES_AGGRESSIVE;
				CLANG_WARN_UNREACHABLE_CODE = YES;
				CLANG_WARN__DUPLICATE_METHOD_MATCH = YES;
				CODE_SIGN_IDENTITY = "iPhone Developer";
				COPY_PHASE_STRIP = NO;
				DEBUG_INFORMATION_FORMAT = "dwarf-with-dsym";
				ENABLE_NS_ASSERTIONS = NO;
				ENABLE_STRICT_OBJC_MSGSEND = YES;
				GCC_C_LANGUAGE_STANDARD = gnu11;
				GCC_NO_COMMON_BLOCKS = YES;
				GCC_WARN_64_TO_32_BIT_CONVERSION = YES;
				GCC_WARN_ABOUT_RETURN_TYPE = YES_ERROR;
				GCC_WARN_UNDECLARED_SELECTOR = YES;
				GCC_WARN_UNINITIALIZED_AUTOS = YES_AGGRESSIVE;
				GCC_WARN_UNUSED_FUNCTION = YES;
				GCC_WARN_UNUSED_VARIABLE = YES;
				IPHONEOS_DEPLOYMENT_TARGET = 11.2;
				MTL_ENABLE_DEBUG_INFO = NO;
				SDKROOT = iphoneos;
				SWIFT_OPTIMIZATION_LEVEL = "-Owholemodule";
				VALIDATE_PRODUCT = YES;
			};
			name = Release;
		};
		3FCD8025201ECD6900F57E99 /* Debug */ = {
			isa = XCBuildConfiguration;
			buildSettings = {
				ASSETCATALOG_COMPILER_APPICON_NAME = AppIcon;
				CODE_SIGN_STYLE = Automatic;
				DEVELOPMENT_TEAM = 47W28PSMV7;
				INFOPLIST_FILE = "$(SRCROOT)/CardController(卡片转场动画)/Bundle files/Info.plist";
				LD_RUNPATH_SEARCH_PATHS = "$(inherited) @executable_path/Frameworks";
				PRODUCT_BUNDLE_IDENTIFIER = "cn.lijiangbo.CardController--------";
				PRODUCT_NAME = "$(TARGET_NAME)";
				SWIFT_VERSION = 4.0;
				TARGETED_DEVICE_FAMILY = "1,2";
			};
			name = Debug;
		};
		3FCD8026201ECD6900F57E99 /* Release */ = {
			isa = XCBuildConfiguration;
			buildSettings = {
				ASSETCATALOG_COMPILER_APPICON_NAME = AppIcon;
				CODE_SIGN_STYLE = Automatic;
				DEVELOPMENT_TEAM = 47W28PSMV7;
				INFOPLIST_FILE = "$(SRCROOT)/CardController(卡片转场动画)/Bundle files/Info.plist";
				LD_RUNPATH_SEARCH_PATHS = "$(inherited) @executable_path/Frameworks";
				PRODUCT_BUNDLE_IDENTIFIER = "cn.lijiangbo.CardController--------";
				PRODUCT_NAME = "$(TARGET_NAME)";
				SWIFT_VERSION = 4.0;
				TARGETED_DEVICE_FAMILY = "1,2";
			};
			name = Release;
		};
/* End XCBuildConfiguration section */

/* Begin XCConfigurationList section */
		3FCD800D201ECD6900F57E99 /* Build configuration list for PBXProject "CardController(卡片转场动画)" */ = {
			isa = XCConfigurationList;
			buildConfigurations = (
				3FCD8022201ECD6900F57E99 /* Debug */,
				3FCD8023201ECD6900F57E99 /* Release */,
			);
			defaultConfigurationIsVisible = 0;
			defaultConfigurationName = Release;
		};
		3FCD8024201ECD6900F57E99 /* Build configuration list for PBXNativeTarget "CardController(卡片转场动画)" */ = {
			isa = XCConfigurationList;
			buildConfigurations = (
				3FCD8025201ECD6900F57E99 /* Debug */,
				3FCD8026201ECD6900F57E99 /* Release */,
			);
			defaultConfigurationIsVisible = 0;
			defaultConfigurationName = Release;
		};
/* End XCConfigurationList section */
	};
	rootObject = 3FCD800A201ECD6900F57E99 /* Project object */;
}
